
Microsoft Visual Studio Solution File, Format Version 12.00
# Visual Studio Version 16
VisualStudioVersion = 16.0.30711.63
MinimumVisualStudioVersion = 10.0.40219.1
Project("{FAE04EC0-301F-11D3-BF4B-00C04F79EFBC}") = "VideoStreamingWebApp", "VideoStreamingWebApp\VideoStreamingWebApp.csproj", "{12D66776-DCF8-4209-8375-AF4D64339BF6}"
EndProject
Global
	GlobalSection(SolutionConfigurationPlatforms) = preSolution
		Debug|Any CPU = Debug|Any CPU
		Release|Any CPU = Release|Any CPU
	EndGlobalSection
	GlobalSection(ProjectConfigurationPlatforms) = postSolution
		{12D66776-DCF8-4209-8375-AF4D64339BF6}.Debug|Any CPU.ActiveCfg = Debug|Any CPU
		{12D66776-DCF8-4209-8375-AF4D64339BF6}.Debug|Any CPU.Build.0 = Debug|Any CPU
		{12D66776-DCF8-4209-8375-AF4D64339BF6}.Release|Any CPU.ActiveCfg = Release|Any CPU
		{12D66776-DCF8-4209-8375-AF4D64339BF6}.Release|Any CPU.Build.0 = Release|Any CPU
	EndGlobalSection
	GlobalSection(SolutionProperties) = preSolution
		HideSolutionNode = FALSE
	EndGlobalSection
	GlobalSection(ExtensibilityGlobals) = postSolution
		SolutionGuid = {3F50133F-3C1D-491C-8DFE-5A78682FE4FF}
	EndGlobalSection
EndGlobal
